version = 1
revision = 5
requires-python = ">=3.14"

[[package]]
name = "a816"
version = "1.1.0rc4"
source = { registry = "https://pypi.org/simple" }
dependencies = [
    { name = "lsprotocol" },
    { name = "pygls" },
]
wheels = [
    { url = "https://files.pythonhosted.org/packages/ff/5e/f2b7ca4a1a11b9315df7f830185bdf64825d302140601a512fd2ad421c4d/a816-1.1.0rc4-py3-none-any.whl", hash = "sha256:a234775904863de742c04b62439612552353c42a811ec60018d0f58d192f6633", size = 374085, upload-time = "2026-10-10T16:42:41.848Z" },
]

[[package]]
name = "attrs"
version = "26.1.0"
source = { registry = "https://pypi.org/simple" }
sdist = { url = "https://files.pythonhosted.org/packages/9a/8e/82a0fe20a541c03148528be8cac2408564a6c9a0cc7e9171802bc1d26985/attrs-26.1.0.tar.gz", hash = "sha256:d03ceb89cb322a8fd706d4fb91940737b6642aa36998fe130a9bc96c985eff32", size = 952055, upload-time = "2026-03-19T14:22:25.026Z" }
wheels = [
    { url = "https://files.pythonhosted.org/packages/64/b4/17d4b0b2a2dc85a6df63d1157e028ed19f90d4cd97c36717afef2bc2f395/attrs-26.1.0-py3-none-any.whl", hash = "sha256:c647aa4a12dfbad9333ca4e71fe62ddc36f4e63b2d260a37a8b83d2f043ac309", size = 67548, upload-time = "2026-03-19T14:22:23.645Z" },
]

[[package]]
name = "bahamut-lagoon"
version = "0.0.0.dev0"
source = { virtual = "." }
dependencies = [
    { name = "a816" },
    { name = "katsuji" },
    { name = "numpy" },
    { name = "pillow" },
]

[package.dev-dependencies]
dev = [
    { name = "kintsuki", extra = ["visual"] },
    { name = "pytest" },
    { name = "ruff" },
]

[package.metadata]
requires-dist = [
    { name = "a816", specifier = "==1.1.0rc4" },
    { name = "katsuji", specifier = "==0.2.3" },
    { name = "numpy" },
    { name = "pillow" },
]

[package.metadata.requires-dev]
dev = [
    { name = "kintsuki", extras = ["visual"], specifier = "==0.0.0a18" },
    { name = "pytest" },
    { name = "ruff", specifier = "==0.17.0" },
]

[[package]]
name = "cattrs"
version = "26.2.1"
source = { registry = "https://pypi.org/simple" }
dependencies = [
    { name = "attrs" },
    { name = "typing-extensions" },
]
sdist = { url = "https://files.pythonhosted.org/packages/23/75/e72b839c3dc869c990b4842f3dba730bdcdf5215f68fc7955edf849a1792/cattrs-26.2.1.tar.gz", hash = "sha256:679132bfdc225c5ee40c024fc42519954767c387f950dc6751946c586bccdc6d", size = 525617, upload-time = "2026-09-26T20:53:21.114Z" }
wheels = [
    { url = "https://files.pythonhosted.org/packages/e8/cf/22794a399d99480486120e26e879ef008e21f5e85274c2ed591d568bb326/cattrs-26.2.1-py3-none-any.whl", hash = "sha256:a12aaa3453dc8f633a815293179f08b7421ed18d2575c459c3c736f840beac24", size = 74843, upload-time = "2026-09-26T20:53:19.767Z" },
]

[[package]]
name = "colorama"
version = "0.4.6"
source = { registry = "https://pypi.org/simple" }
sdist = { url = "https://files.pythonhosted.org/packages/d8/53/6f443c9a4a8358a93a6792e2acffb9d9d5cb0a5cfd8802644b7b1c9a02e4/colorama-0.4.6.tar.gz", hash = "sha256:08695f5cb7ed6e0531a20572697297273c47b8cae5a63ffc6d6ed5c201be6e44", size = 27697, upload-time = "2022-10-25T02:36:22.414Z" }
wheels = [
    { url = "https://files.pythonhosted.org/packages/d1/d6/3965ed04c63042e047cb6a3e6ed1a63a35087b6a609aa3a15ed8ac56c221/colorama-0.4.6-py2.py3-none-any.whl", hash = "sha256:4f1d9991f5acc0ca119f9d443620b77f9d6b33703e51011c16baf57afb285fc6", size = 25335, upload-time = "2022-10-25T02:36:20.889Z" },
]

[[package]]
name = "iniconfig"
version = "2.3.0"
source = { registry = "https://pypi.org/simple" }
sdist = { url = "https://files.pythonhosted.org/packages/72/34/14ca021ce8e5dfedc35312d08ba8bf51fdd999c576889fc2c24cb97f4f10/iniconfig-2.3.0.tar.gz", hash = "sha256:c76315c77db068650d49c5b56314774a7804df16fee4402c1f19d6d15d8c4730", size = 20503, upload-time = "2025-10-18T21:55:43.219Z" }
wheels = [
    { url = "https://files.pythonhosted.org/packages/cb/b1/3846dd7f199d53cb17f49cba7e651e9ce294d8497c8c150530ed11865bb8/iniconfig-2.3.0-py3-none-any.whl", hash = "sha256:f631c04d2c48c52b84d0d0549c99ff3859c98df65b3101406327ecc7d53fbf12", size = 7484, upload-time = "2025-10-18T21:55:41.639Z" },
]

[[package]]
name = "katsuji"
version = "0.2.3"
source = { registry = "https://pypi.org/simple" }
dependencies = [
    { name = "a816" },
    { name = "numpy" },
    { name = "pillow" },
]
sdist = { url = "https://files.pythonhosted.org/packages/39/96/a8e1524a286435bd9b8e4b28a4cb2eb3306e2f473511e773698087ed041b/katsuji-0.2.3.tar.gz", hash = "sha256:c3808db673a29a18a8b0c7e8e94300f80347df51a2128a38cd3a5a5e28bc26f8", size = 98316, upload-time = "2026-10-10T06:25:42.428Z" }
wheels = [
    { url = "https://files.pythonhosted.org/packages/d9/13/febbd67903c0dd5537506bc096875300a7ba1217db731fc99185fa5fa589/katsuji-0.2.3-py3-none-any.whl", hash = "sha256:3d403f710e8241da56e76b867385dfb348284e98c462dfc98d5107b77011b854", size = 28595, upload-time = "2026-10-10T06:25:43.256Z" },
]

[[package]]
name = "kintsuki"
version = "0.0.0a18"
source = { registry = "https://pypi.org/simple" }
wheels = [
    { url = "https://files.pythonhosted.org/packages/95/63/bae12253814a810c7d41fd24e6fefe60dd4091c6f05ca234faa065e2e845/kintsuki-0.0.0a18-py3-none-macosx_11_0_arm64.whl", hash = "sha256:df6d65f6cdea1b8555188c89ec84c5535af3b4f04cd213c3441647b449727c37", size = 839074, upload-time = "2026-10-08T08:00:42.269Z" },
    { url = "https://files.pythonhosted.org/packages/a7/8b/b8223e7e796b5442f99f0eb12149d342c55df3e86855244149405d74c868/kintsuki-0.0.0a18-py3-none-manylinux_2_39_aarch64.whl", hash = "sha256:67203d5b907b911d86a70fe3198f865e26c28b4a89f8b55cd5eccfc6b3a4f758", size = 786457, upload-time = "2026-10-08T08:00:43.807Z" },
]

[package.optional-dependencies]
visual = [
    { name = "numba" },
    { name = "numpy" },
    { name = "pillow" },
]

[[package]]
name = "llvmlite"
version = "0.50.0"
source = { registry = "https://pypi.org/simple" }
sdist = { url = "https://files.pythonhosted.org/packages/11/c5/907cec40688a34eb489cded74d555e1ee4af8cf49d83e03dba2c2d4cfe27/llvmlite-0.50.0.tar.gz", hash = "sha256:f2a2cd6ec9ffcc1b7147dea0d7a49efebf17a2b434e0c2844fe175999d571eb4", size = 194522, upload-time = "2026-09-29T18:44:46.782Z" }
wheels = [
    { url = "https://files.pythonhosted.org/packages/b8/08/eecfccb51bc016de4c1fb69da815738076a186158fa61d3cae1458b8f44a/llvmlite-0.50.0-cp314-cp314-macosx_12_0_arm64.whl", hash = "sha256:ecdc9fae295da8ac793578a27020515e24d970513143efa227e696582aeb16e6", size = 40534277, upload-time = "2026-09-29T18:43:37.013Z" },
    { url = "https://files.pythonhosted.org/packages/9a/96/011ae57fb82e326a79da1c4767b8206502dbac041068b37f1fbe73893a55/llvmlite-0.50.0-cp314-cp314-manylinux_2_27_aarch64.manylinux_2_28_aarch64.whl", hash = "sha256:987600ce6f7bd6d808f4bb0ea61a8eff2fd17cf32355691e801eb0a65a7304f0", size = 58344485, upload-time = "2026-09-29T18:43:41.242Z" },
    { url = "https://files.pythonhosted.org/packages/5c/ed/54107648386edf3da7def03d42721c72279f6bc2e17b5274c18955dc5833/llvmlite-0.50.0-cp314-cp314-manylinux_2_27_x86_64.manylinux_2_28_x86_64.whl", hash = "sha256:33ddf12b1e12d7e551e1c1e6ca8087d0aacc931f480019eb33ef2ab77681da4d", size = 59696587, upload-time = "2026-09-29T18:43:46.132Z" },
    { url = "https://files.pythonhosted.org/packages/d1/af/b2e5f9ee84f05a794e62626d83a934e6fccc7a83740918a90cec85df2d6f/llvmlite-0.50.0-cp314-cp314-win_amd64.whl", hash = "sha256:7ae211012c6849528a5f7cd17a78d8b2421a2813c7b4184d6c0b2ffa89a7d296", size = 42986708, upload-time = "2026-09-29T18:43:51.123Z" },
    { url = "https://files.pythonhosted.org/packages/3b/df/6d9ac4237f78bc81e6778d87ec711c6e5ec0fac73f00907b149c414b48b5/llvmlite-0.50.0-cp314-cp314-win_arm64.whl", hash = "sha256:e94f9066f1257a9cef6c832e6c9de0f140e2bb150de2db39f657b2a5996e0f6b", size = 37441844, upload-time = "2026-09-29T18:43:55.097Z" },
    { url = "https://files.pythonhosted.org/packages/d6/23/0f9d73a3603fee0d32a0f66996e00964154f07681c0b0f9c7212e896cb2d/llvmlite-0.50.0-cp314-cp314t-macosx_12_0_arm64.whl", hash = "sha256:423c8d89d13f7eb4488933d5a86b0fa952927956298cfd0087f6753b5123b5df", size = 40534276, upload-time = "2026-09-29T18:43:59.379Z" },
    { url = "https://files.pythonhosted.org/packages/34/14/45f56e4cf192284ba6cb3020ed775d47dd9c69e7fb605f7523047ab16d7f/llvmlite-0.50.0-cp314-cp314t-manylinux_2_27_aarch64.manylinux_2_28_aarch64.whl", hash = "sha256:944133e9621d1dfbfdaf0fed3234b99f85e6ba27c38f4045acc8f8a5e699a5c0", size = 58344486, upload-time = "2026-09-29T18:44:03.923Z" },
    { url = "https://files.pythonhosted.org/packages/82/f8/45f08fe27bd96fa38a7199024d842d6ef502054f1f824b531d55cd533c81/llvmlite-0.50.0-cp314-cp314t-manylinux_2_27_x86_64.manylinux_2_28_x86_64.whl", hash = "sha256:a1d5b6eac064f201b4aa091030282e6f240d8d322dddd7381840731455c3e664", size = 59696589, upload-time = "2026-09-29T18:44:09.376Z" },
    { url = "https://files.pythonhosted.org/packages/90/68/e00620b48cd6fd71369877ddbfa000854450b843c3631be41226e8b8f7b1/llvmlite-0.50.0-cp314-cp314t-win_amd64.whl", hash = "sha256:d88c9b325f5fbefc79d95b1daa8fb96018c40bd2958103eea7334e6c8f17fb40", size = 42986716, upload-time = "2026-09-29T18:44:13.366Z" },
    { url = "https://files.pythonhosted.org/packages/4e/97/78e51381def071781a5ec9ead92e2a55562da5b78043566865e20f30be77/llvmlite-0.50.0-cp315-cp315-macosx_12_0_arm64.whl", hash = "sha256:3f490c0f4800c8ddeee6a607acd037497bf6508586804f4e2f11f53a1ee7fe2d", size = 40534277, upload-time = "2026-09-29T18:44:17.301Z" },
    { url = "https://files.pythonhosted.org/packages/61/83/1beb6169126cd1a8199bae88eb3a79e3be3dd609eb42896d8fa8c38b10c0/llvmlite-0.50.0-cp315-cp315-manylinux_2_27_aarch64.manylinux_2_28_aarch64.whl", hash = "sha256:d5447a6c39171368edfe28a71f605e6e3edd40a1dc31f5e5c9d50585718ae6d0", size = 58344486, upload-time = "2026-09-29T18:44:21.407Z" },
    { url = "https://files.pythonhosted.org/packages/7e/81/334b11c9ebc52ee5339fe401342b2dc856804996fec3abc5ad70ad053901/llvmlite-0.50.0-cp315-cp315-manylinux_2_27_x86_64.manylinux_2_28_x86_64.whl", hash = "sha256:f1ac2b9f699c46219fbbd66b304105f5e1b218f05ffac6fe03cd851f93718e58", size = 59696588, upload-time = "2026-09-29T18:44:25.755Z" },
    { url = "https://files.pythonhosted.org/packages/4f/c7/f06fe5d262f0cf0f0c85a85b0a4aaa07cbd85a56192861299fd659af4eb7/llvmlite-0.50.0-cp315-cp315-win_amd64.whl", hash = "sha256:51a4a716db98591f0a1bea34c6548cdb4017731ee5e678ded8cf842dca8af3c5", size = 42986709, upload-time = "2026-09-29T18:44:29.203Z" },
    { url = "https://files.pythonhosted.org/packages/be/f9/670bcb2a7214dcf35c48da581ac8d2949ff50255deb83e13c9cbbef46c05/llvmlite-0.50.0-cp315-cp315t-macosx_12_0_arm64.whl", hash = "sha256:e8cc203c1fd509131cd72b7554413d4a3e5527cc5558c5a7ebe19840018c57c1", size = 40534277, upload-time = "2026-09-29T18:44:32.967Z" },
    { url = "https://files.pythonhosted.org/packages/f3/21/3d108d6c9a87142927073fbc3d82d161f2dbfdeb046063a51edb196d1132/llvmlite-0.50.0-cp315-cp315t-manylinux_2_27_aarch64.manylinux_2_28_aarch64.whl", hash = "sha256:c7d4e2bbb29a860a6e85e22afdb96696241263942a5b214cac3e4b704e1d3abf", size = 58344488, upload-time = "2026-09-29T18:44:36.859Z" },
    { url = "https://files.pythonhosted.org/packages/6e/de/496d19b7a54acc487266ac7fa39d902cddf24998f5266b3aa499c8eacbd6/llvmlite-0.50.0-cp315-cp315t-manylinux_2_27_x86_64.manylinux_2_28_x86_64.whl", hash = "sha256:afd7b438c60e0f60c4368ec603bb9f20d938a203b5f59b80bbe50c749b4b2f16", size = 59696591, upload-time = "2026-09-29T18:44:40.642Z" },
    { url = "https://files.pythonhosted.org/packages/93/73/72553170eada174775d9a738c471c7be4ab3dc2c06368beeee89e002345c/llvmlite-0.50.0-cp315-cp315t-win_amd64.whl", hash = "sha256:4da0e8c6e6f144b433672a632f75d6b4da7bd4fdb5c3e9981d6ea6741319aeae", size = 42986722, upload-time = "2026-09-29T18:44:44.491Z" },
]

[[package]]
name = "lsprotocol"
version = "2025.0.0"
source = { registry = "https://pypi.org/simple" }
dependencies = [
    { name = "attrs" },
    { name = "cattrs" },
]
sdist = { url = "https://files.pythonhosted.org/packages/e9/26/67b84e6ec1402f0e6764ef3d2a0aaf9a79522cc1d37738f4e5bb0b21521a/lsprotocol-2025.0.0.tar.gz", hash = "sha256:e879da2b9301e82cfc3e60d805630487ac2f7ab17492f4f5ba5aaba94fe56c29", size = 74896, upload-time = "2025-06-17T21:30:18.156Z" }
wheels = [
    { url = "https://files.pythonhosted.org/packages/7b/f0/92f2d609d6642b5f30cb50a885d2bf1483301c69d5786286500d15651ef2/lsprotocol-2025.0.0-py3-none-any.whl", hash = "sha256:f9d78f25221f2a60eaa4a96d3b4ffae011b107537facee61d3da3313880995c7", size = 76250, upload-time = "2025-06-17T21:30:19.455Z" },
]

[[package]]
name = "numba"
version = "0.68.0"
source = { registry = "https://pypi.org/simple" }
dependencies = [
    { name = "llvmlite" },
    { name = "numpy" },
]
sdist = { url = "https://files.pythonhosted.org/packages/4e/cd/e8280f9ffa30fea9fabc5341223701231fcc5d53a31f51419d42d4bec3a6/numba-0.68.0.tar.gz", hash = "sha256:8a781de54b980b98f43bff7f1093701b5f07c80d031c7cfa8a87493d8bf73f2d", size = 2855363, upload-time = "2026-09-30T15:05:44.721Z" }
wheels = [
    { url = "https://files.pythonhosted.org/packages/6e/71/a9031907dd0fba6cfce34004398a05f090b692be811dd1f38fdd874dd4e1/numba-0.68.0-cp314-cp314-macosx_12_0_arm64.whl", hash = "sha256:bfc890c9ca517823dfae0444595ef50d883ade9d3e17759d9a7650e5d128d950", size = 2760551, upload-time = "2026-09-30T15:05:15.753Z" },
    { url = "https://files.pythonhosted.org/packages/74/70/c03aebc576ded2204e5bde9b86b215f0590a81261af333d4239b9f0aed0f/numba-0.68.0-cp314-cp314-manylinux_2_27_aarch64.manylinux_2_28_aarch64.whl", hash = "sha256:34ccf54fd9c1d5f4ba00073b81bc492a681f5437c62917fe29813f457564e312", size = 3561561, upload-time = "2026-09-30T15:05:18.266Z" },
    { url = "https://files.pythonhosted.org/packages/3d/5f/2bd2fd4b99b0b5e76fea2f1fe149e05a7ec19a9a177758688bb82c7e3126/numba-0.68.0-cp314-cp314-manylinux_2_27_x86_64.manylinux_2_28_x86_64.whl", hash = "sha256:ea11c865265e39a6019e2f0fe62743825127b3b7bc4815916f5d5121fd9b262b", size = 3848766, upload-time = "2026-09-30T15:05:20.541Z" },
    { url = "https://files.pythonhosted.org/packages/0c/41/3e3528f3b0f9ffae69310d2e71f81ff74d272ee3b6c0600c4f4abaa31a80/numba-0.68.0-cp314-cp314-win_amd64.whl", hash = "sha256:9c03de7085f08ba11ab2444f252e822c14cee5fa02b73e84d5afd5e28b2bce0f", size = 2832584, upload-time = "2026-09-30T15:05:22.621Z" },
    { url = "https://files.pythonhosted.org/packages/8a/9d/1fe8be8f3a43d339222a4aed59be0b8f4920f10465d4606c0428250c63f7/numba-0.68.0-cp314-cp314-win_arm64.whl", hash = "sha256:f58c13a6e9bfef062311cb0d3c19f6c159b901213daa325e1db473946010cec7", size = 2812334, upload-time = "2026-09-30T15:05:24.848Z" },
    { url = "https://files.pythonhosted.org/packages/89/3b/e0e31617568553ca2b18bdf43844c44893dfb6620bde9a88296c257c5a81/numba-0.68.0-cp314-cp314t-macosx_12_0_arm64.whl", hash = "sha256:79160dc2a3ff0e02aaada2c385faa6de73d71a11f06419d29bb0a90042d243a3", size = 2763380, upload-time = "2026-09-30T15:05:27.064Z" },
    { url = "https://files.pythonhosted.org/packages/20/92/405b416800424b005c179c5b6417eee2aac1933839257ca50c855397774f/numba-0.68.0-cp314-cp314t-manylinux_2_27_aarch64.manylinux_2_28_aarch64.whl", hash = "sha256:1a3aa5558ba1c316020a0c2f6042be6ae063cfc6eb0c7badb3a0c77d2b5308b7", size = 3604721, upload-time = "2026-09-30T15:05:29.164Z" },
    { url = "https://files.pythonhosted.org/packages/e1/52/fc100dc163e12ba6a8df4c4f6e34f55d24dc6e97095f935996406d8cc946/numba-0.68.0-cp314-cp314t-manylinux_2_27_x86_64.manylinux_2_28_x86_64.whl", hash = "sha256:a08750c81fd5c2d9f2c169a73114efb907159401dde9ef4a3b629fa45e097cb7", size = 3887891, upload-time = "2026-09-30T15:05:31.234Z" },
    { url = "https://files.pythonhosted.org/packages/e1/e0/f2e074c5bf26f236c34075d390e77ed2a787c7350791b39b099b151e2033/numba-0.68.0-cp314-cp314t-win_amd64.whl", hash = "sha256:cad7d5f6fe8eb42a69c500d36c94a61d094f3b91a7a5581a31d1df2eb925d33a", size = 2838113, upload-time = "2026-09-30T15:05:33.274Z" },
    { url = "https://files.pythonhosted.org/packages/a5/85/d7cee7a6c65634bd25cb0109585785e5c8338f44db4b191c30291d9c7968/numba-0.68.0-cp315-cp315-macosx_12_0_arm64.whl", hash = "sha256:39f935bc854be87784675d9674f5503e56df5a501c95c95bdfb6b3c0b4b9ed1b", size = 2760868, upload-time = "2026-09-30T15:05:35.662Z" },
    { url = "https://files.pythonhosted.org/packages/d6/79/312e0cf6e835f700d42a223c1bd4a24b232892bded1ddf5e40bb3a329f55/numba-0.68.0-cp315-cp315-manylinux_2_27_aarch64.manylinux_2_28_aarch64.whl", hash = "sha256:7cec6809fe93824e243a8a8c93966b0bb5874a3b7c24c1194c3bafee0ab11f39", size = 3568127, upload-time = "2026-09-30T15:05:37.967Z" },
    { url = "https://files.pythonhosted.org/packages/5e/05/f31cd9e40f6d4ec6de38959e4736a917aa9d115fecc4a1979aceedcc083b/numba-0.68.0-cp315-cp315-manylinux_2_27_x86_64.manylinux_2_28_x86_64.whl", hash = "sha256:c1f1180e0332ad5143905288325485b52ac76102330811dc6f2c10088cf4cedc", size = 3853913, upload-time = "2026-09-30T15:05:40.247Z" },
    { url = "https://files.pythonhosted.org/packages/6c/28/059b2d1ea5616a5712fd722b2ec8e8278d14e4e4eb8845d36fe1658e6be8/numba-0.68.0-cp315-cp315-win_amd64.whl", hash = "sha256:a2d21bb9c4b4818a1e71721ebd19172f488591d548f08453593348b7048ba1fb", size = 2831865, upload-time = "2026-09-30T15:05:42.306Z" },
]

[[package]]
name = "numpy"
version = "2.4.4"
source = { registry = "https://pypi.org/simple" }
sdist = { url = "https://files.pythonhosted.org/packages/d7/9f/b8cef5bffa569759033adda9481211426f12f53299629b410340795c2514/numpy-2.4.4.tar.gz", hash = "sha256:2d390634c5182175533585cc89f3608a4682ccb173cc9bb940b2881c8d6f8fa0", size = 20731587, upload-time = "2026-03-29T13:22:01.298Z" }
wheels = [
    { url = "https://files.pythonhosted.org/packages/6e/06/c54062f85f673dd5c04cbe2f14c3acb8c8b95e3384869bb8cc9bff8cb9df/numpy-2.4.4-cp314-cp314-macosx_10_15_x86_64.whl", hash = "sha256:f169b9a863d34f5d11b8698ead99febeaa17a13ca044961aa8e2662a6c7766a0", size = 16684353, upload-time = "2026-03-29T13:20:29.504Z" },
    { url = "https://files.pythonhosted.org/packages/4c/39/8a320264a84404c74cc7e79715de85d6130fa07a0898f67fb5cd5bd79908/numpy-2.4.4-cp314-cp314-macosx_11_0_arm64.whl", hash = "sha256:2483e4584a1cb3092da4470b38866634bafb223cbcd551ee047633fd2584599a", size = 14704914, upload-time = "2026-03-29T13:20:33.547Z" },
    { url = "https://files.pythonhosted.org/packages/91/fb/287076b2614e1d1044235f50f03748f31fa287e3dbe6abeb35cdfa351eca/numpy-2.4.4-cp314-cp314-macosx_14_0_arm64.whl", hash = "sha256:2d19e6e2095506d1736b7d80595e0f252d76b89f5e715c35e06e937679ea7d7a", size = 5210005, upload-time = "2026-03-29T13:20:36.45Z" },
    { url = "https://files.pythonhosted.org/packages/63/eb/fcc338595309910de6ecabfcef2419a9ce24399680bfb149421fa2df1280/numpy-2.4.4-cp314-cp314-macosx_14_0_x86_64.whl", hash = "sha256:6a246d5914aa1c820c9443ddcee9c02bec3e203b0c080349533fae17727dfd1b", size = 6544974, upload-time = "2026-03-29T13:20:39.014Z" },
    { url = "https://files.pythonhosted.org/packages/44/5d/e7e9044032a716cdfaa3fba27a8e874bf1c5f1912a1ddd4ed071bf8a14a6/numpy-2.4.4-cp314-cp314-manylinux_2_27_aarch64.manylinux_2_28_aarch64.whl", hash = "sha256:989824e9faf85f96ec9c7761cd8d29c531ad857bfa1daa930cba85baaecf1a9a", size = 15684591, upload-time = "2026-03-29T13:20:42.146Z" },
    { url = "https://files.pythonhosted.org/packages/98/7c/21252050676612625449b4807d6b695b9ce8a7c9e1c197ee6216c8a65c7c/numpy-2.4.4-cp314-cp314-manylinux_2_27_x86_64.manylinux_2_28_x86_64.whl", hash = "sha256:27a8d92cd10f1382a67d7cf4db7ce18341b66438bdd9f691d7b0e48d104c2a9d", size = 16637700, upload-time = "2026-03-29T13:20:46.204Z" },
    { url = "https://files.pythonhosted.org/packages/b1/29/56d2bbef9465db24ef25393383d761a1af4f446a1df9b8cded4fe3a5a5d7/numpy-2.4.4-cp314-cp314-musllinux_1_2_aarch64.whl", hash = "sha256:e44319a2953c738205bf3354537979eaa3998ed673395b964c1176083dd46252", size = 17035781, upload-time = "2026-03-29T13:20:50.242Z" },
    { url = "https://files.pythonhosted.org/packages/e3/2b/a35a6d7589d21f44cea7d0a98de5ddcbb3d421b2622a5c96b1edf18707c3/numpy-2.4.4-cp314-cp314-musllinux_1_2_x86_64.whl", hash = "sha256:e892aff75639bbef0d2a2cfd55535510df26ff92f63c92cd84ef8d4ba5a5557f", size = 18362959, upload-time = "2026-03-29T13:20:54.019Z" },
    { url = "https://files.pythonhosted.org/packages/64/c9/d52ec581f2390e0f5f85cbfd80fb83d965fc15e9f0e1aec2195faa142cde/numpy-2.4.4-cp314-cp314-win32.whl", hash = "sha256:1378871da56ca8943c2ba674530924bb8ca40cd228358a3b5f302ad60cf875fc", size = 6008768, upload-time = "2026-03-29T13:20:56.912Z" },
    { url = "https://files.pythonhosted.org/packages/fa/22/4cc31a62a6c7b74a8730e31a4274c5dc80e005751e277a2ce38e675e4923/numpy-2.4.4-cp314-cp314-win_amd64.whl", hash = "sha256:715d1c092715954784bc79e1174fc2a90093dc4dc84ea15eb14dad8abdcdeb74", size = 12449181, upload-time = "2026-03-29T13:20:59.548Z" },
    { url = "https://files.pythonhosted.org/packages/70/2e/14cda6f4d8e396c612d1bf97f22958e92148801d7e4f110cabebdc0eef4b/numpy-2.4.4-cp314-cp314-win_arm64.whl", hash = "sha256:2c194dd721e54ecad9ad387c1d35e63dce5c4450c6dc7dd5611283dda239aabb", size = 10496035, upload-time = "2026-03-29T13:21:02.524Z" },
    { url = "https://files.pythonhosted.org/packages/b1/e8/8fed8c8d848d7ecea092dc3469643f9d10bc3a134a815a3b033da1d2039b/numpy-2.4.4-cp314-cp314t-macosx_11_0_arm64.whl", hash = "sha256:2aa0613a5177c264ff5921051a5719d20095ea586ca88cc802c5c218d1c67d3e", size = 14824958, upload-time = "2026-03-29T13:21:05.671Z" },
    { url = "https://files.pythonhosted.org/packages/05/1a/d8007a5138c179c2bf33ef44503e83d70434d2642877ee8fbb230e7c0548/numpy-2.4.4-cp314-cp314t-macosx_14_0_arm64.whl", hash = "sha256:42c16925aa5a02362f986765f9ebabf20de75cdefdca827d14315c568dcab113", size = 5330020, upload-time = "2026-03-29T13:21:08.635Z" },
    { url = "https://files.pythonhosted.org/packages/99/64/ffb99ac6ae93faf117bcbd5c7ba48a7f45364a33e8e458545d3633615dda/numpy-2.4.4-cp314-cp314t-macosx_14_0_x86_64.whl", hash = "sha256:874f200b2a981c647340f841730fc3a2b54c9d940566a3c4149099591e2c4c3d", size = 6650758, upload-time = "2026-03-29T13:21:10.949Z" },
    { url = "https://files.pythonhosted.org/packages/6e/6e/795cc078b78a384052e73b2f6281ff7a700e9bf53bcce2ee579d4f6dd879/numpy-2.4.4-cp314-cp314t-manylinux_2_27_aarch64.manylinux_2_28_aarch64.whl", hash = "sha256:c9b39d38a9bd2ae1becd7eac1303d031c5c110ad31f2b319c6e7d98b135c934d", size = 15729948, upload-time = "2026-03-29T13:21:14.047Z" },
    { url = "https://files.pythonhosted.org/packages/5f/86/2acbda8cc2af5f3d7bfc791192863b9e3e19674da7b5e533fded124d1299/numpy-2.4.4-cp314-cp314t-manylinux_2_27_x86_64.manylinux_2_28_x86_64.whl", hash = "sha256:b268594bccac7d7cf5844c7732e3f20c50921d94e36d7ec9b79e9857694b1b2f", size = 16679325, upload-time = "2026-03-29T13:21:17.561Z" },
    { url = "https://files.pythonhosted.org/packages/bc/59/cafd83018f4aa55e0ac6fa92aa066c0a1877b77a615ceff1711c260ffae8/numpy-2.4.4-cp314-cp314t-musllinux_1_2_aarch64.whl", hash = "sha256:ac6b31e35612a26483e20750126d30d0941f949426974cace8e6b5c58a3657b0", size = 17084883, upload-time = "2026-03-29T13:21:21.106Z" },
    { url = "https://files.pythonhosted.org/packages/f0/85/a42548db84e65ece46ab2caea3d3f78b416a47af387fcbb47ec28e660dc2/numpy-2.4.4-cp314-cp314t-musllinux_1_2_x86_64.whl", hash = "sha256:8e3ed142f2728df44263aaf5fb1f5b0b99f4070c553a0d7f033be65338329150", size = 18403474, upload-time = "2026-03-29T13:21:24.828Z" },
    { url = "https://files.pythonhosted.org/packages/ed/ad/483d9e262f4b831000062e5d8a45e342166ec8aaa1195264982bca267e62/numpy-2.4.4-cp314-cp314t-win32.whl", hash = "sha256:dddbbd259598d7240b18c9d87c56a9d2fb3b02fe266f49a7c101532e78c1d871", size = 6155500, upload-time = "2026-03-29T13:21:28.205Z" },
    { url = "https://files.pythonhosted.org/packages/c7/03/2fc4e14c7bd4ff2964b74ba90ecb8552540b6315f201df70f137faa5c589/numpy-2.4.4-cp314-cp314t-win_amd64.whl", hash = "sha256:a7164afb23be6e37ad90b2f10426149fd75aee07ca55653d2aa41e66c4ef697e", size = 12637755, upload-time = "2026-03-29T13:21:31.107Z" },
    { url = "https://files.pythonhosted.org/packages/58/78/548fb8e07b1a341746bfbecb32f2c268470f45fa028aacdbd10d9bc73aab/numpy-2.4.4-cp314-cp314t-win_arm64.whl", hash = "sha256:ba203255017337d39f89bdd58417f03c4426f12beed0440cfd933cb15f8669c7", size = 10566643, upload-time = "2026-03-29T13:21:34.339Z" },
]

[[package]]
name = "packaging"
version = "26.3"
source = { registry = "https://pypi.org/simple" }
sdist = { url = "https://files.pythonhosted.org/packages/7d/fa/3944b40b07da9ce895c0e6303a5ab7d53da063554f534556b134a54d6093/packaging-26.3.tar.gz", hash = "sha256:94edc256424af38762eb31306eed28beb9f0efc50a8837492c9d6fd6004aed79", size = 313412, upload-time = "2026-08-04T18:15:28.737Z" }
wheels = [
    { url = "https://files.pythonhosted.org/packages/63/34/ba1c580383c9eada3711951fef0795c80b829a078d72188184bcab9dd527/packaging-26.3-py3-none-any.whl", hash = "sha256:d7193f7c8e4e93f444fde0262bf90af30e16fa0ad0ad44cb553c87339b23cd1c", size = 129956, upload-time = "2026-08-04T18:15:27.159Z" },
]

[[package]]
name = "pillow"
version = "12.2.0"
source = { registry = "https://pypi.org/simple" }
sdist = { url = "https://files.pythonhosted.org/packages/8c/21/c2bcdd5906101a30244eaffc1b6e6ce71a31bd0742a01eb89e660ebfac2d/pillow-12.2.0.tar.gz", hash = "sha256:a830b1a40919539d07806aa58e1b114df53ddd43213d9c8b75847eee6c0182b5", size = 46987819, upload-time = "2026-04-01T14:46:17.687Z" }
wheels = [
    { url = "https://files.pythonhosted.org/packages/bf/98/4595daa2365416a86cb0d495248a393dfc84e96d62ad080c8546256cb9c0/pillow-12.2.0-cp314-cp314-ios_13_0_arm64_iphoneos.whl", hash = "sha256:3adc9215e8be0448ed6e814966ecf3d9952f0ea40eb14e89a102b87f450660d8", size = 4100848, upload-time = "2026-04-01T14:44:48.48Z" },
    { url = "https://files.pythonhosted.org/packages/0b/79/40184d464cf89f6663e18dfcf7ca21aae2491fff1a16127681bf1fa9b8cf/pillow-12.2.0-cp314-cp314-ios_13_0_arm64_iphonesimulator.whl", hash = "sha256:6a9adfc6d24b10f89588096364cc726174118c62130c817c2837c60cf08a392b", size = 4176515, upload-time = "2026-04-01T14:44:51.353Z" },
    { url = "https://files.pythonhosted.org/packages/b0/63/703f86fd4c422a9cf722833670f4f71418fb116b2853ff7da722ea43f184/pillow-12.2.0-cp314-cp314-ios_13_0_x86_64_iphonesimulator.whl", hash = "sha256:6a6e67ea2e6feda684ed370f9a1c52e7a243631c025ba42149a2cc5934dec295", size = 3640159, upload-time = "2026-04-01T14:44:53.588Z" },
    { url = "https://files.pythonhosted.org/packages/71/e0/fb22f797187d0be2270f83500aab851536101b254bfa1eae10795709d283/pillow-12.2.0-cp314-cp314-macosx_10_15_x86_64.whl", hash = "sha256:2bb4a8d594eacdfc59d9e5ad972aa8afdd48d584ffd5f13a937a664c3e7db0ed", size = 5312185, upload-time = "2026-04-01T14:44:56.039Z" },
    { url = "https://files.pythonhosted.org/packages/ba/8c/1a9e46228571de18f8e28f16fabdfc20212a5d019f3e3303452b3f0a580d/pillow-12.2.0-cp314-cp314-macosx_11_0_arm64.whl", hash = "sha256:80b2da48193b2f33ed0c32c38140f9d3186583ce7d516526d462645fd98660ae", size = 4695386, upload-time = "2026-04-01T14:44:58.663Z" },
    { url = "https://files.pythonhosted.org/packages/70/62/98f6b7f0c88b9addd0e87c217ded307b36be024d4ff8869a812b241d1345/pillow-12.2.0-cp314-cp314-manylinux2014_aarch64.manylinux_2_17_aarch64.whl", hash = "sha256:22db17c68434de69d8ecfc2fe821569195c0c373b25cccb9cbdacf2c6e53c601", size = 6280384, upload-time = "2026-04-01T14:45:01.5Z" },
    { url = "https://files.pythonhosted.org/packages/5e/03/688747d2e91cfbe0e64f316cd2e8005698f76ada3130d0194664174fa5de/pillow-12.2.0-cp314-cp314-manylinux2014_x86_64.manylinux_2_17_x86_64.whl", hash = "sha256:7b14cc0106cd9aecda615dd6903840a058b4700fcb817687d0ee4fc8b6e389be", size = 8091599, upload-time = "2026-04-01T14:45:04.5Z" },
    { url = "https://files.pythonhosted.org/packages/f6/35/577e22b936fcdd66537329b33af0b4ccfefaeabd8aec04b266528cddb33c/pillow-12.2.0-cp314-cp314-manylinux_2_27_aarch64.manylinux_2_28_aarch64.whl", hash = "sha256:8cbeb542b2ebc6fcdacabf8aca8c1a97c9b3ad3927d46b8723f9d4f033288a0f", size = 6396021, upload-time = "2026-04-01T14:45:07.117Z" },
    { url = "https://files.pythonhosted.org/packages/11/8d/d2532ad2a603ca2b93ad9f5135732124e57811d0168155852f37fbce2458/pillow-12.2.0-cp314-cp314-manylinux_2_27_x86_64.manylinux_2_28_x86_64.whl", hash = "sha256:4bfd07bc812fbd20395212969e41931001fd59eb55a60658b0e5710872e95286", size = 7083360, upload-time = "2026-04-01T14:45:09.763Z" },
    { url = "https://files.pythonhosted.org/packages/5e/26/d325f9f56c7e039034897e7380e9cc202b1e368bfd04d4cbe6a441f02885/pillow-12.2.0-cp314-cp314-musllinux_1_2_aarch64.whl", hash = "sha256:9aba9a17b623ef750a4d11b742cbafffeb48a869821252b30ee21b5e91392c50", size = 6507628, upload-time = "2026-04-01T14:45:12.378Z" },
    { url = "https://files.pythonhosted.org/packages/5f/f7/769d5632ffb0988f1c5e7660b3e731e30f7f8ec4318e94d0a5d674eb65a4/pillow-12.2.0-cp314-cp314-musllinux_1_2_x86_64.whl", hash = "sha256:deede7c263feb25dba4e82ea23058a235dcc2fe1f6021025dc71f2b618e26104", size = 7209321, upload-time = "2026-04-01T14:45:15.122Z" },
    { url = "https://files.pythonhosted.org/packages/6a/7a/c253e3c645cd47f1aceea6a8bacdba9991bf45bb7dfe927f7c893e89c93c/pillow-12.2.0-cp314-cp314-win32.whl", hash = "sha256:632ff19b2778e43162304d50da0181ce24ac5bb8180122cbe1bf4673428328c7", size = 6479723, upload-time = "2026-04-01T14:45:17.797Z" },
    { url = "https://files.pythonhosted.org/packages/cd/8b/601e6566b957ca50e28725cb6c355c59c2c8609751efbecd980db44e0349/pillow-12.2.0-cp314-cp314-win_amd64.whl", hash = "sha256:4e6c62e9d237e9b65fac06857d511e90d8461a32adcc1b9065ea0c0fa3a28150", size = 7217400, upload-time = "2026-04-01T14:45:20.529Z" },
    { url = "https://files.pythonhosted.org/packages/d6/94/220e46c73065c3e2951bb91c11a1fb636c8c9ad427ac3ce7d7f3359b9b2f/pillow-12.2.0-cp314-cp314-win_arm64.whl", hash = "sha256:b1c1fbd8a5a1af3412a0810d060a78b5136ec0836c8a4ef9aa11807f2a22f4e1", size = 2554835, upload-time = "2026-04-01T14:45:23.162Z" },
    { url = "https://files.pythonhosted.org/packages/b6/ab/1b426a3974cb0e7da5c29ccff4807871d48110933a57207b5a676cccc155/pillow-12.2.0-cp314-cp314t-macosx_10_15_x86_64.whl", hash = "sha256:57850958fe9c751670e49b2cecf6294acc99e562531f4bd317fa5ddee2068463", size = 5314225, upload-time = "2026-04-01T14:45:25.637Z" },
    { url = "https://files.pythonhosted.org/packages/19/1e/dce46f371be2438eecfee2a1960ee2a243bbe5e961890146d2dee1ff0f12/pillow-12.2.0-cp314-cp314t-macosx_11_0_arm64.whl", hash = "sha256:d5d38f1411c0ed9f97bcb49b7bd59b6b7c314e0e27420e34d99d844b9ce3b6f3", size = 4698541, upload-time = "2026-04-01T14:45:28.355Z" },
    { url = "https://files.pythonhosted.org/packages/55/c3/7fbecf70adb3a0c33b77a300dc52e424dc22ad8cdc06557a2e49523b703d/pillow-12.2.0-cp314-cp314t-manylinux2014_aarch64.manylinux_2_17_aarch64.whl", hash = "sha256:5c0a9f29ca8e79f09de89293f82fc9b0270bb4af1d58bc98f540cc4aedf03166", size = 6322251, upload-time = "2026-04-01T14:45:30.924Z" },
    { url = "https://files.pythonhosted.org/packages/1c/3c/7fbc17cfb7e4fe0ef1642e0abc17fc6c94c9f7a16be41498e12e2ba60408/pillow-12.2.0-cp314-cp314t-manylinux2014_x86_64.manylinux_2_17_x86_64.whl", hash = "sha256:1610dd6c61621ae1cf811bef44d77e149ce3f7b95afe66a4512f8c59f25d9ebe", size = 8127807, upload-time = "2026-04-01T14:45:33.908Z" },
    { url = "https://files.pythonhosted.org/packages/ff/c3/a8ae14d6defd2e448493ff512fae903b1e9bd40b72efb6ec55ce0048c8ce/pillow-12.2.0-cp314-cp314t-manylinux_2_27_aarch64.manylinux_2_28_aarch64.whl", hash = "sha256:0a34329707af4f73cf1782a36cd2289c0368880654a2c11f027bcee9052d35dd", size = 6433935, upload-time = "2026-04-01T14:45:36.623Z" },
    { url = "https://files.pythonhosted.org/packages/6e/32/2880fb3a074847ac159d8f902cb43278a61e85f681661e7419e6596803ed/pillow-12.2.0-cp314-cp314t-manylinux_2_27_x86_64.manylinux_2_28_x86_64.whl", hash = "sha256:8e9c4f5b3c546fa3458a29ab22646c1c6c787ea8f5ef51300e5a60300736905e", size = 7116720, upload-time = "2026-04-01T14:45:39.258Z" },
    { url = "https://files.pythonhosted.org/packages/46/87/495cc9c30e0129501643f24d320076f4cc54f718341df18cc70ec94c44e1/pillow-12.2.0-cp314-cp314t-musllinux_1_2_aarch64.whl", hash = "sha256:fb043ee2f06b41473269765c2feae53fc2e2fbf96e5e22ca94fb5ad677856f06", size = 6540498, upload-time = "2026-04-01T14:45:41.879Z" },
    { url = "https://files.pythonhosted.org/packages/18/53/773f5edca692009d883a72211b60fdaf8871cbef075eaa9d577f0a2f989e/pillow-12.2.0-cp314-cp314t-musllinux_1_2_x86_64.whl", hash = "sha256:f278f034eb75b4e8a13a54a876cc4a5ab39173d2cdd93a638e1b467fc545ac43", size = 7239413, upload-time = "2026-04-01T14:45:44.705Z" },
    { url = "https://files.pythonhosted.org/packages/c9/e4/4b64a97d71b2a83158134abbb2f5bd3f8a2ea691361282f010998f339ec7/pillow-12.2.0-cp314-cp314t-win32.whl", hash = "sha256:6bb77b2dcb06b20f9f4b4a8454caa581cd4dd0643a08bacf821216a16d9c8354", size = 6482084, upload-time = "2026-04-01T14:45:47.568Z" },
    { url = "https://files.pythonhosted.org/packages/ba/13/306d275efd3a3453f72114b7431c877d10b1154014c1ebbedd067770d629/pillow-12.2.0-cp314-cp314t-win_amd64.whl", hash = "sha256:6562ace0d3fb5f20ed7290f1f929cae41b25ae29528f2af1722966a0a02e2aa1", size = 7225152, upload-time = "2026-04-01T14:45:50.032Z" },
    { url = "https://files.pythonhosted.org/packages/ff/6e/cf826fae916b8658848d7b9f38d88da6396895c676e8086fc0988073aaf8/pillow-12.2.0-cp314-cp314t-win_arm64.whl", hash = "sha256:aa88ccfe4e32d362816319ed727a004423aab09c5cea43c01a4b435643fa34eb", size = 2556579, upload-time = "2026-04-01T14:45:52.529Z" },
]

[[package]]
name = "pluggy"
version = "1.6.0"
source = { registry = "https://pypi.org/simple" }
sdist = { url = "https://files.pythonhosted.org/packages/f9/e2/3e91f31a7d2b083fe6ef3fa267035b518369d9511ffab804f839851d2779/pluggy-1.6.0.tar.gz", hash = "sha256:7dcc130b76258d33b90f61b658791dede3486c3e6bfb003ee5c9bfb396dd22f3", size = 69412, upload-time = "2025-05-15T12:30:07.975Z" }
wheels = [
    { url = "https://files.pythonhosted.org/packages/54/20/4d324d65cc6d9205fabedc306948156824eb9f0ee1633355a8f7ec5c66bf/pluggy-1.6.0-py3-none-any.whl", hash = "sha256:e920276dd6813095e9377c0bc5566d94c932c33b27a3e3945d8389c374dd4746", size = 20538, upload-time = "2025-05-15T12:30:06.134Z" },
]

[[package]]
name = "pygls"
version = "2.1.1"
source = { registry = "https://pypi.org/simple" }
dependencies = [
    { name = "attrs" },
    { name = "cattrs" },
    { name = "lsprotocol" },
]
sdist = { url = "https://files.pythonhosted.org/packages/da/2e/7bbe061d175c0baddde8fc9edb908a4c31ba5d9165b8c68e3439c3a9f138/pygls-2.1.1.tar.gz", hash = "sha256:1da03ba9053201bb337dcdd8d121df70feb2a91e1a0dcc74de5da79755b1a201", size = 55091, upload-time = "2026-03-25T11:19:10.541Z" }
wheels = [
    { url = "https://files.pythonhosted.org/packages/fd/1a/208293b6c350f5abea6941d5606080d4a492644052504f5312e5de30a902/pygls-2.1.1-py3-none-any.whl", hash = "sha256:510a6dea2476177230c7d851125e5948efdf3fdb9ebfd8543fc434972f8faed4", size = 68975, upload-time = "2026-03-25T11:19:11.374Z" },
]

[[package]]
name = "pygments"
version = "2.21.0"
source = { registry = "https://pypi.org/simple" }
sdist = { url = "https://files.pythonhosted.org/packages/49/2e/ced460408999b33da6b31b0021b0f37d329e202d4169aeb164493778f25b/pygments-2.21.0.tar.gz", hash = "sha256:610ca751c9bc2492b38eb9a38a7fbc93edbbb2d7182edaf34e66ae493dee5c8c", size = 5005329, upload-time = "2026-08-17T08:02:48.824Z" }
wheels = [
    { url = "https://files.pythonhosted.org/packages/71/46/17f022dd3e953bf20a04a028a21ec746d942f8d2af30fa0f124fa0e6a684/pygments-2.21.0-py3-none-any.whl", hash = "sha256:2363c69b61c4a97c838da3b130dcd6468f4848992b21a82f2a63ec34377137d9", size = 1250147, upload-time = "2026-08-17T08:02:44.912Z" },
]

[[package]]
name = "pytest"
version = "9.1.1"
source = { registry = "https://pypi.org/simple" }
dependencies = [
    { name = "colorama", marker = "sys_platform == 'win32'" },
    { name = "iniconfig" },
    { name = "packaging" },
    { name = "pluggy" },
    { name = "pygments" },
]
sdist = { url = "https://files.pythonhosted.org/packages/e4/47/b9efed96c114afcfa3c9d3fe98a76a1d14c74a9e266d397cf6eb64be5e01/pytest-9.1.1.tar.gz", hash = "sha256:1088fbde8f2b49d95a549a195707afa7a76a3ce9bcadc26b6d71f0ffda5fe313", size = 1636369, upload-time = "2026-06-19T10:58:32.857Z" }
wheels = [
    { url = "https://files.pythonhosted.org/packages/24/25/1de2678b631f5a49215c6c96fff41ba892b0a34df68d6d80292b1b48aa7f/pytest-9.1.1-py3-none-any.whl", hash = "sha256:37a86b45efb9a47a61a36449063e8e18d0cab3161329fc099eb21783169c4f0c", size = 386536, upload-time = "2026-06-19T10:58:31.347Z" },
]

[[package]]
name = "ruff"
version = "0.17.0"
source = { registry = "https://pypi.org/simple" }
sdist = { url = "https://files.pythonhosted.org/packages/e9/a7/70debb024dfacda67b8e560cc7511f52b34b9348a8cc8c1ec23036dcd51d/ruff-0.17.0.tar.gz", hash = "sha256:5cd03240d8208a557c2a9655a5cb07ebe36aa6bb35065f97d48c1f6adef5a322", size = 5320554, upload-time = "2026-10-09T19:47:29.248Z" }
wheels = [
    { url = "https://files.pythonhosted.org/packages/bc/f8/ee5ab9da6089eae2a33e6008b01deb1eda19992c1c8e10661e98cee1640f/ruff-0.17.0-py3-none-linux_armv6l.whl", hash = "sha256:0e271826af9a20d18c6cfae8c51e82959167c24859686ddd3eb9a7f0842ce81e", size = 10148907, upload-time = "2026-10-09T19:46:38.695Z" },
    { url = "https://files.pythonhosted.org/packages/9f/d9/2f81fb5a9d580afbb11b1c8ff915233a11f2a1b27405d7991f183c5e1976/ruff-0.17.0-py3-none-macosx_10_12_x86_64.whl", hash = "sha256:5f0ca4a40f81403689c04f12966e22f44e329ae362072d8f1587b7bda87f603b", size = 10224208, upload-time = "2026-10-09T19:46:41.711Z" },
    { url = "https://files.pythonhosted.org/packages/a7/20/643f3c8f75594f937b2bf74801241c56a2e2b8e139d24dff8b66b28cdd7f/ruff-0.17.0-py3-none-macosx_11_0_arm64.whl", hash = "sha256:cbf7149e0927dc3295d5d64679a4765576eef71b00782b2ae969ef82274d6bb9", size = 9273324, upload-time = "2026-10-09T19:46:44.323Z" },
    { url = "https://files.pythonhosted.org/packages/ec/91/627700b233d367736cb274f1bd0b47d1f2b12f68878192812bd875adadc3/ruff-0.17.0-py3-none-manylinux_2_17_aarch64.manylinux2014_aarch64.whl", hash = "sha256:13ee90156522998c3037059d8f66885c8adeeaf7643bdce2caceee196ecd23e0", size = 9953190, upload-time = "2026-10-09T19:46:47.155Z" },
    { url = "https://files.pythonhosted.org/packages/cd/92/91f7b5ed39490f89d6cbf56e1f543c383667a725efa8e2c2dee0f01f5591/ruff-0.17.0-py3-none-manylinux_2_17_armv7l.manylinux2014_armv7l.whl", hash = "sha256:3d8e4a002a94cd9d0dc48b51dc69d807a172b5b9bf2b668e656424dc5b55ead1", size = 9961746, upload-time = "2026-10-09T19:46:50.098Z" },
    { url = "https://files.pythonhosted.org/packages/87/c5/7310f9fc63ce11ff6394edbd5e85433dfb0e14c9fbf6ccc97f1538491bc7/ruff-0.17.0-py3-none-manylinux_2_17_i686.manylinux2014_i686.whl", hash = "sha256:c0b8a60c06a218c337e1161638d34757f83449243e2db161483ddf948e53ad14", size = 10625483, upload-time = "2026-10-09T19:46:53.379Z" },
    { url = "https://files.pythonhosted.org/packages/a5/8d/97443f0dca4a03a0bc7629fd396fd494a1cb6666121e38c5075acb217d8f/ruff-0.17.0-py3-none-manylinux_2_17_ppc64le.manylinux2014_ppc64le.whl", hash = "sha256:a330178bdffc4205dbf3bda11d93e059e388fd6546f8cdd304501a9160363c0d", size = 11350129, upload-time = "2026-10-09T19:46:56.486Z" },
    { url = "https://files.pythonhosted.org/packages/9c/0a/c525efd9777be4b6b012e6969a3012648468e7e6c4b3e5b46af69f46e8eb/ruff-0.17.0-py3-none-manylinux_2_17_s390x.manylinux2014_s390x.whl", hash = "sha256:7bb08489e234876fa2da67ae3ea938e9a2156da80293e0e4365abd6973d98329", size = 10906223, upload-time = "2026-10-09T19:47:00.263Z" },
    { url = "https://files.pythonhosted.org/packages/2c/3c/4a01195d93420cad1175bedad13a515dc8a56f95a6e39789b92e582682f5/ruff-0.17.0-py3-none-manylinux_2_17_x86_64.manylinux2014_x86_64.whl", hash = "sha256:bc73e7c133e82d55b5f15897b2a442d72c0cb4a0c886c46801ce3c247150b60c", size = 10386314, upload-time = "2026-10-09T19:47:03.057Z" },
    { url = "https://files.pythonhosted.org/packages/c7/72/1a3951665485a921f6375f91e754a1854d5a645d41acc3642668064ff64d/ruff-0.17.0-py3-none-manylinux_2_31_riscv64.whl", hash = "sha256:db4f74c533403ab70fe4007873f6ae0c9f94a8b03158cf48d78788e47cdbe399", size = 10565464, upload-time = "2026-10-09T19:47:05.831Z" },
    { url = "https://files.pythonhosted.org/packages/90/8c/539b4d8c082f57e18db8ae2be85a460d77861c79dcd5798e32b536a6a06f/ruff-0.17.0-py3-none-musllinux_1_2_aarch64.whl", hash = "sha256:3d8cc360e666d1914e47b0777c6906d70cf18891a55532bd0a16844195d70859", size = 10079468, upload-time = "2026-10-09T19:47:08.617Z" },
    { url = "https://files.pythonhosted.org/packages/e0/b8/84286966db79434e8c26b585b0a0f6897cb3ab1c51a4aa4df10c28488b62/ruff-0.17.0-py3-none-musllinux_1_2_armv7l.whl", hash = "sha256:d66de796b726c4801e05fa99a2a8d7a780e107be222486c304ab61765561e866", size = 9958556, upload-time = "2026-10-09T19:47:11.324Z" },
    { url = "https://files.pythonhosted.org/packages/69/50/27b6eed27b83fcdd5bfa0d52b83231e29094754374698da404d094487ae3/ruff-0.17.0-py3-none-musllinux_1_2_i686.whl", hash = "sha256:c3f268baf004aea944f040623327119527ea231af15f7fb7890e82cea0679589", size = 10352173, upload-time = "2026-10-09T19:47:14.188Z" },
    { url = "https://files.pythonhosted.org/packages/2a/fa/955399fd13044cd827862044117d784a59e3196f6cce7424908ac9a7f914/ruff-0.17.0-py3-none-musllinux_1_2_x86_64.whl", hash = "sha256:864b6c1acb6b0bccf94b5a3938a1531fd09aaca5e5659a2e7bf0f3cf2a685540", size = 10791761, upload-time = "2026-10-09T19:47:16.931Z" },
    { url = "https://files.pythonhosted.org/packages/ae/bf/024e01e1f6aec87768696725e648ed5b438941341eea8f8100beb681961f/ruff-0.17.0-py3-none-win32.whl", hash = "sha256:5e50aa5b84decd9fe5b0bb0e6f71c3b592f1767ed09faa4b7207d933961e35cd", size = 9904112, upload-time = "2026-10-09T19:47:19.75Z" },
    { url = "https://files.pythonhosted.org/packages/cc/77/1ee73df41dcc8d1cdb686ee4bc46ea29704ea175feb6b95c78420f631ab8/ruff-0.17.0-py3-none-win_amd64.whl", hash = "sha256:8ab76bcda86dfd28e13776cb5de3c7bcdcf1ae3d37ed761113d1a5a415dc134c", size = 10115585, upload-time = "2026-10-09T19:47:22.698Z" },
    { url = "https://files.pythonhosted.org/packages/fd/71/eb4f0ccc844aece56963e8578df9c95d4c00f580547d52329d4035d3af18/ruff-0.17.0-py3-none-win_arm64.whl", hash = "sha256:c154c73ff43f9854395e24cac507af13078962e53d2b511605058d22af1fdb88", size = 9872035, upload-time = "2026-10-09T19:47:26.306Z" },
]

[[package]]
name = "typing-extensions"
version = "4.16.0"
source = { registry = "https://pypi.org/simple" }
sdist = { url = "https://files.pythonhosted.org/packages/f6/cc/6253133b5bb138fc3306cebfbda2c520f545d36b5be2c7255cc528bb45d6/typing_extensions-4.16.0.tar.gz", hash = "sha256:dc983d19a509c94dba722ee6abd33940f7c05a89e243c47e907eb4db6f1a43e5", size = 113555, upload-time = "2026-07-02T08:40:05.92Z" }
wheels = [
    { url = "https://files.pythonhosted.org/packages/49/d3/b8441a820a491ddfc024b0b0cf0393375b75ea13866d9c66727e54c2fc80/typing_extensions-4.16.0-py3-none-any.whl", hash = "sha256:481caa481374e813c1b176ada14e97f1f67a4539ce9cfeb3f350d78d6370c2e8", size = 45571, upload-time = "2026-07-02T08:40:04.659Z" },
]
